<?xml version="1.0" encoding="utf-8"?>
<Project ToolsVersion="4.0" xmlns="http://schemas.microsoft.com/developer/msbuild/2003">
  <ItemGroup>
    <Filter Include="Source Files">
      <UniqueIdentifier>{4FC737F1-C7A5-4376-A066-2A32D752A2FF}</UniqueIdentifier>
      <Extensions>cpp;c;cc;cxx;def;odl;idl;hpj;bat;asm;asmx</Extensions>
    </Filter>
    <Filter Include="Header Files">
      <UniqueIdentifier>{93995380-89BD-4b04-88EB-625FBE52EBFB}</UniqueIdentifier>
      <Extensions>h;hh;hpp;hxx;hm;inl;inc;xsd</Extensions>
    </Filter>
    <Filter Include="Resource Files">
      <UniqueIdentifier>{67DA6AB6-F800-4c08-8B7A-83BB121AAD01}</UniqueIdentifier>
      <Extensions>rc;ico;cur;bmp;dlg;rc2;rct;bin;rgs;gif;jpg;jpeg;jpe;resx;tiff;tif;png;wav;mfcribbon-ms</Extensions>
    </Filter>
  </ItemGroup>
  <ItemGroup>
    <ClInclude Include="pfx.h">
      <Filter>Header Files</Filter>
    </ClInclude>
    <ClInclude Include="core\colour.h">
      <Filter>Header Files</Filter>
    </ClInclude>
    <ClInclude Include="core\colourhsl.h">
      <Filter>Header Files</Filter>
    </ClInclude>
    <ClInclude Include="core\configfile.h">
      <Filter>Header Files</Filter>
    </ClInclude>
    <ClInclude Include="core\easing.h">
      <Filter>Header Files</Filter>
    </ClInclude>
    <ClInclude Include="core\endian.h">
      <Filter>Header Files</Filter>
    </ClInclude>
    <ClInclude Include="core\idtag.h">
      <Filter>Header Files</Filter>
    </ClInclude>
    <ClInclude Include="core\list.h">
      <Filter>Header Files</Filter>
    </ClInclude>
    <ClInclude Include="core\maths.h">
      <Filter>Header Files</Filter>
    </ClInclude>
    <ClInclude Include="core\memory.h">
      <Filter>Header Files</Filter>
    </ClInclude>
    <ClInclude Include="core\memorystream.h">
      <Filter>Header Files</Filter>
    </ClInclude>
    <ClInclude Include="core\pingpong.h">
      <Filter>Header Files</Filter>
    </ClInclude>
    <ClInclude Include="core\serialiser.h">
      <Filter>Header Files</Filter>
    </ClInclude>
    <ClInclude Include="events\event.h">
      <Filter>Header Files</Filter>
    </ClInclude>
    <ClInclude Include="events\eventcontroller.h">
      <Filter>Header Files</Filter>
    </ClInclude>
    <ClInclude Include="filesys\filesystem.h">
      <Filter>Header Files</Filter>
    </ClInclude>
    <ClInclude Include="filesys\tinydir.h">
      <Filter>Header Files</Filter>
    </ClInclude>
    <ClInclude Include="input\keycodes\allegro.h">
      <Filter>Header Files</Filter>
    </ClInclude>
    <ClInclude Include="input\keycodes\pfxkeys.h">
      <Filter>Header Files</Filter>
    </ClInclude>
    <ClInclude Include="input\keycodes\sdl1.h">
      <Filter>Header Files</Filter>
    </ClInclude>
    <ClInclude Include="input\keycodes\sdl2.h">
      <Filter>Header Files</Filter>
    </ClInclude>
    <ClInclude Include="input\inputcontroller.h">
      <Filter>Header Files</Filter>
    </ClInclude>
    <ClInclude Include="input\joypad.h">
      <Filter>Header Files</Filter>
    </ClInclude>
    <ClInclude Include="input\keyboard.h">
      <Filter>Header Files</Filter>
    </ClInclude>
    <ClInclude Include="input\mouse.h">
      <Filter>Header Files</Filter>
    </ClInclude>
    <ClInclude Include="network\downloadcontroller.h">
      <Filter>Header Files</Filter>
    </ClInclude>
    <ClInclude Include="network\networkclient.h">
      <Filter>Header Files</Filter>
    </ClInclude>
    <ClInclude Include="network\networkcontroller.h">
      <Filter>Header Files</Filter>
    </ClInclude>
    <ClInclude Include="network\networkhost.h">
      <Filter>Header Files</Filter>
    </ClInclude>
    <ClInclude Include="primitives\angle.h">
      <Filter>Header Files</Filter>
    </ClInclude>
    <ClInclude Include="primitives\ellipses.h">
      <Filter>Header Files</Filter>
    </ClInclude>
    <ClInclude Include="primitives\line.h">
      <Filter>Header Files</Filter>
    </ClInclude>
    <ClInclude Include="primitives\point.h">
      <Filter>Header Files</Filter>
    </ClInclude>
    <ClInclude Include="primitives\polygon.h">
      <Filter>Header Files</Filter>
    </ClInclude>
    <ClInclude Include="primitives\rect.h">
      <Filter>Header Files</Filter>
    </ClInclude>
    <ClInclude Include="primitives\shape.h">
      <Filter>Header Files</Filter>
    </ClInclude>
    <ClInclude Include="primitives\size.h">
      <Filter>Header Files</Filter>
    </ClInclude>
    <ClInclude Include="scripting\lua\lapi.h">
      <Filter>Header Files</Filter>
    </ClInclude>
    <ClInclude Include="scripting\lua\lauxlib.h">
      <Filter>Header Files</Filter>
    </ClInclude>
    <ClInclude Include="scripting\lua\lcode.h">
      <Filter>Header Files</Filter>
    </ClInclude>
    <ClInclude Include="scripting\lua\lctype.h">
      <Filter>Header Files</Filter>
    </ClInclude>
    <ClInclude Include="scripting\lua\ldebug.h">
      <Filter>Header Files</Filter>
    </ClInclude>
    <ClInclude Include="scripting\lua\ldo.h">
      <Filter>Header Files</Filter>
    </ClInclude>
    <ClInclude Include="scripting\lua\lfunc.h">
      <Filter>Header Files</Filter>
    </ClInclude>
    <ClInclude Include="scripting\lua\lgc.h">
      <Filter>Header Files</Filter>
    </ClInclude>
    <ClInclude Include="scripting\lua\llex.h">
      <Filter>Header Files</Filter>
    </ClInclude>
    <ClInclude Include="scripting\lua\llimits.h">
      <Filter>Header Files</Filter>
    </ClInclude>
    <ClInclude Include="scripting\lua\lmem.h">
      <Filter>Header Files</Filter>
    </ClInclude>
    <ClInclude Include="scripting\lua\lobject.h">
      <Filter>Header Files</Filter>
    </ClInclude>
    <ClInclude Include="scripting\lua\lopcodes.h">
      <Filter>Header Files</Filter>
    </ClInclude>
    <ClInclude Include="scripting\lua\lparser.h">
      <Filter>Header Files</Filter>
    </ClInclude>
    <ClInclude Include="scripting\lua\lprefix.h">
      <Filter>Header Files</Filter>
    </ClInclude>
    <ClInclude Include="scripting\lua\lstate.h">
      <Filter>Header Files</Filter>
    </ClInclude>
    <ClInclude Include="scripting\lua\lstring.h">
      <Filter>Header Files</Filter>
    </ClInclude>
    <ClInclude Include="scripting\lua\ltable.h">
      <Filter>Header Files</Filter>
    </ClInclude>
    <ClInclude Include="scripting\lua\ltm.h">
      <Filter>Header Files</Filter>
    </ClInclude>
    <ClInclude Include="scripting\lua\lua.h">
      <Filter>Header Files</Filter>
    </ClInclude>
    <ClInclude Include="scripting\lua\lua.hpp">
      <Filter>Header Files</Filter>
    </ClInclude>
    <ClInclude Include="scripting\lua\luaconf.h">
      <Filter>Header Files</Filter>
    </ClInclude>
    <ClInclude Include="scripting\lua\lualib.h">
      <Filter>Header Files</Filter>
    </ClInclude>
    <ClInclude Include="scripting\lua\lundump.h">
      <Filter>Header Files</Filter>
    </ClInclude>
    <ClInclude Include="scripting\lua\lvm.h">
      <Filter>Header Files</Filter>
    </ClInclude>
    <ClInclude Include="scripting\lua\lzio.h">
      <Filter>Header Files</Filter>
    </ClInclude>
    <ClInclude Include="scripting\scriptcontroller.h">
      <Filter>Header Files</Filter>
    </ClInclude>
    <ClInclude Include="stages\stage.h">
      <Filter>Header Files</Filter>
    </ClInclude>
    <ClInclude Include="stages\stagecontroller.h">
      <Filter>Header Files</Filter>
    </ClInclude>
    <ClInclude Include="text\strings.h">
      <Filter>Header Files</Filter>
    </ClInclude>
    <ClInclude Include="ui\control.h">
      <Filter>Header Files</Filter>
    </ClInclude>
    <ClInclude Include="ui\ui.h">
      <Filter>Header Files</Filter>
    </ClInclude>
    <ClInclude Include="video\animation.h">
      <Filter>Header Files</Filter>
    </ClInclude>
    <ClInclude Include="video\animation_frame.h">
      <Filter>Header Files</Filter>
    </ClInclude>
    <ClInclude Include="video\atlas.h">
      <Filter>Header Files</Filter>
    </ClInclude>
    <ClInclude Include="video\atlas_paletted.h">
      <Filter>Header Files</Filter>
    </ClInclude>
    <ClInclude Include="video\bitmap.h">
      <Filter>Header Files</Filter>
    </ClInclude>
    <ClInclude Include="video\bitmap_paletted.h">
      <Filter>Header Files</Filter>
    </ClInclude>
    <ClInclude Include="video\display.h">
      <Filter>Header Files</Filter>
    </ClInclude>
    <ClInclude Include="video\font.h">
      <Filter>Header Files</Filter>
    </ClInclude>
    <ClInclude Include="video\palette.h">
      <Filter>Header Files</Filter>
    </ClInclude>
    <ClInclude Include="video\plane.h">
      <Filter>Header Files</Filter>
    </ClInclude>
    <ClInclude Include="video\plane_sprites.h">
      <Filter>Header Files</Filter>
    </ClInclude>
    <ClInclude Include="video\plane_tilemap.h">
      <Filter>Header Files</Filter>
    </ClInclude>
    <ClInclude Include="video\plane_tilemap_paletted.h">
      <Filter>Header Files</Filter>
    </ClInclude>
    <ClInclude Include="video\sprite.h">
      <Filter>Header Files</Filter>
    </ClInclude>
    <ClInclude Include="video\sprite_animated.h">
      <Filter>Header Files</Filter>
    </ClInclude>
    <ClInclude Include="video\sprite_text.h">
      <Filter>Header Files</Filter>
    </ClInclude>
    <ClInclude Include="video\videocontroller.h">
      <Filter>Header Files</Filter>
    </ClInclude>
    <ClInclude Include="libraryincludes.h">
      <Filter>Header Files</Filter>
    </ClInclude>
    <ClInclude Include="audio\audiocontroller.h">
      <Filter>Header Files</Filter>
    </ClInclude>
    <ClInclude Include="audio\soundfx.h">
      <Filter>Header Files</Filter>
    </ClInclude>
  </ItemGroup>
  <ItemGroup>
    <ClCompile Include="core\colour.cpp">
      <Filter>Source Files</Filter>
    </ClCompile>
    <ClCompile Include="core\colourhsl.cpp">
      <Filter>Source Files</Filter>
    </ClCompile>
    <ClCompile Include="core\configfile.cpp">
      <Filter>Source Files</Filter>
    </ClCompile>
    <ClCompile Include="core\easing.cpp">
      <Filter>Source Files</Filter>
    </ClCompile>
    <ClCompile Include="core\memory.cpp">
      <Filter>Source Files</Filter>
    </ClCompile>
    <ClCompile Include="core\memorystream.cpp">
      <Filter>Source Files</Filter>
    </ClCompile>
    <ClCompile Include="core\serialiser.cpp">
      <Filter>Source Files</Filter>
    </ClCompile>
    <ClCompile Include="events\eventcontroller.cpp">
      <Filter>Source Files</Filter>
    </ClCompile>
    <ClCompile Include="filesys\filesystem.cpp">
      <Filter>Source Files</Filter>
    </ClCompile>
    <ClCompile Include="input\inputcontroller.cpp">
      <Filter>Source Files</Filter>
    </ClCompile>
    <ClCompile Include="input\joypad.cpp">
      <Filter>Source Files</Filter>
    </ClCompile>
    <ClCompile Include="input\keyboard.cpp">
      <Filter>Source Files</Filter>
    </ClCompile>
    <ClCompile Include="input\mouse.cpp">
      <Filter>Source Files</Filter>
    </ClCompile>
    <ClCompile Include="network\downloadcontroller.cpp">
      <Filter>Source Files</Filter>
    </ClCompile>
    <ClCompile Include="network\networkclient.cpp">
      <Filter>Source Files</Filter>
    </ClCompile>
    <ClCompile Include="network\networkcontroller.cpp">
      <Filter>Source Files</Filter>
    </ClCompile>
    <ClCompile Include="network\networkhost.cpp">
      <Filter>Source Files</Filter>
    </ClCompile>
    <ClCompile Include="primitives\polygon.cpp">
      <Filter>Source Files</Filter>
    </ClCompile>
    <ClCompile Include="scripting\lua\lapi.c">
      <Filter>Source Files</Filter>
    </ClCompile>
    <ClCompile Include="scripting\lua\lauxlib.c">
      <Filter>Source Files</Filter>
    </ClCompile>
    <ClCompile Include="scripting\lua\lbaselib.c">
      <Filter>Source Files</Filter>
    </ClCompile>
    <ClCompile Include="scripting\lua\lbitlib.c">
      <Filter>Source Files</Filter>
    </ClCompile>
    <ClCompile Include="scripting\lua\lcode.c">
      <Filter>Source Files</Filter>
    </ClCompile>
    <ClCompile Include="scripting\lua\lcorolib.c">
      <Filter>Source Files</Filter>
    </ClCompile>
    <ClCompile Include="scripting\lua\lctype.c">
      <Filter>Source Files</Filter>
    </ClCompile>
    <ClCompile Include="scripting\lua\ldblib.c">
      <Filter>Source Files</Filter>
    </ClCompile>
    <ClCompile Include="scripting\lua\ldebug.c">
      <Filter>Source Files</Filter>
    </ClCompile>
    <ClCompile Include="scripting\lua\ldo.c">
      <Filter>Source Files</Filter>
    </ClCompile>
    <ClCompile Include="scripting\lua\ldump.c">
      <Filter>Source Files</Filter>
    </ClCompile>
    <ClCompile Include="scripting\lua\lfunc.c">
      <Filter>Source Files</Filter>
    </ClCompile>
    <ClCompile Include="scripting\lua\lgc.c">
      <Filter>Source Files</Filter>
    </ClCompile>
    <ClCompile Include="scripting\lua\linit.c">
      <Filter>Source Files</Filter>
    </ClCompile>
    <ClCompile Include="scripting\lua\liolib.c">
      <Filter>Source Files</Filter>
    </ClCompile>
    <ClCompile Include="scripting\lua\llex.c">
      <Filter>Source Files</Filter>
    </ClCompile>
    <ClCompile Include="scripting\lua\lmathlib.c">
      <Filter>Source Files</Filter>
    </ClCompile>
    <ClCompile Include="scripting\lua\lmem.c">
      <Filter>Source Files</Filter>
    </ClCompile>
    <ClCompile Include="scripting\lua\loadlib.c">
      <Filter>Source Files</Filter>
    </ClCompile>
    <ClCompile Include="scripting\lua\lobject.c">
      <Filter>Source Files</Filter>
    </ClCompile>
    <ClCompile Include="scripting\lua\lopcodes.c">
      <Filter>Source Files</Filter>
    </ClCompile>
    <ClCompile Include="scripting\lua\loslib.c">
      <Filter>Source Files</Filter>
    </ClCompile>
    <ClCompile Include="scripting\lua\lparser.c">
      <Filter>Source Files</Filter>
    </ClCompile>
    <ClCompile Include="scripting\lua\lstate.c">
      <Filter>Source Files</Filter>
    </ClCompile>
    <ClCompile Include="scripting\lua\lstring.c">
      <Filter>Source Files</Filter>
    </ClCompile>
    <ClCompile Include="scripting\lua\lstrlib.c">
      <Filter>Source Files</Filter>
    </ClCompile>
    <ClCompile Include="scripting\lua\ltable.c">
      <Filter>Source Files</Filter>
    </ClCompile>
    <ClCompile Include="scripting\lua\ltablib.c">
      <Filter>Source Files</Filter>
    </ClCompile>
    <ClCompile Include="scripting\lua\ltm.c">
      <Filter>Source Files</Filter>
    </ClCompile>
    <ClCompile Include="scripting\lua\lundump.c">
      <Filter>Source Files</Filter>
    </ClCompile>
    <ClCompile Include="scripting\lua\lutf8lib.c">
      <Filter>Source Files</Filter>
    </ClCompile>
    <ClCompile Include="scripting\lua\lvm.c">
      <Filter>Source Files</Filter>
    </ClCompile>
    <ClCompile Include="scripting\lua\lzio.c">
      <Filter>Source Files</Filter>
    </ClCompile>
    <ClCompile Include="scripting\scriptcontroller.cpp">
      <Filter>Source Files</Filter>
    </ClCompile>
    <ClCompile Include="stages\stagecontroller.cpp">
      <Filter>Source Files</Filter>
    </ClCompile>
    <ClCompile Include="text\strings.cpp">
      <Filter>Source Files</Filter>
    </ClCompile>
    <ClCompile Include="ui\control.cpp">
      <Filter>Source Files</Filter>
    </ClCompile>
    <ClCompile Include="ui\ui.cpp">
      <Filter>Source Files</Filter>
    </ClCompile>
    <ClCompile Include="video\animation.cpp">
      <Filter>Source Files</Filter>
    </ClCompile>
    <ClCompile Include="video\atlas.cpp">
      <Filter>Source Files</Filter>
    </ClCompile>
    <ClCompile Include="video\atlas_paletted.cpp">
      <Filter>Source Files</Filter>
    </ClCompile>
    <ClCompile Include="video\bitmap.cpp">
      <Filter>Source Files</Filter>
    </ClCompile>
    <ClCompile Include="video\bitmap_paletted.cpp">
      <Filter>Source Files</Filter>
    </ClCompile>
    <ClCompile Include="video\display.cpp">
      <Filter>Source Files</Filter>
    </ClCompile>
    <ClCompile Include="video\font.cpp">
      <Filter>Source Files</Filter>
    </ClCompile>
    <ClCompile Include="video\palette.cpp">
      <Filter>Source Files</Filter>
    </ClCompile>
    <ClCompile Include="video\plane_sprites.cpp">
      <Filter>Source Files</Filter>
    </ClCompile>
    <ClCompile Include="video\plane_tilemap.cpp">
      <Filter>Source Files</Filter>
    </ClCompile>
    <ClCompile Include="video\plane_tilemap_paletted.cpp">
      <Filter>Source Files</Filter>
    </ClCompile>
    <ClCompile Include="video\sprite.cpp">
      <Filter>Source Files</Filter>
    </ClCompile>
    <ClCompile Include="video\sprite_animated.cpp">
      <Filter>Source Files</Filter>
    </ClCompile>
    <ClCompile Include="video\sprite_text.cpp">
      <Filter>Source Files</Filter>
    </ClCompile>
    <ClCompile Include="video\videocontroller.cpp">
      <Filter>Source Files</Filter>
    </ClCompile>
    <ClCompile Include="pfx.cpp">
      <Filter>Source Files</Filter>
    </ClCompile>
    <ClCompile Include="audio\audiocontroller.cpp">
      <Filter>Source Files</Filter>
    </ClCompile>
    <ClCompile Include="audio\soundfx.cpp">
      <Filter>Source Files</Filter>
    </ClCompile>
  </ItemGroup>
</Project>